
Microsoft Visual Studio Solution File, Format Version 12.00
# Visual Studio Version 16
VisualStudioVersion = 16.0.29920.165
MinimumVisualStudioVersion = 10.0.40219.1
Project("{FAE04EC0-301F-11D3-BF4B-00C04F79EFBC}") = "UI", "UI\UI.csproj", "{20CC5F8F-77C7-4E24-8F94-B0B701334DC5}"
EndProject
Project("{FAE04EC0-301F-11D3-BF4B-00C04F79EFBC}") = "API", "API\API.csproj", "{A2406A09-31F4-44AC-9459-F8AF87035155}"
EndProject
Global
	GlobalSection(SolutionConfigurationPlatforms) = preSolution
		Debug|Any CPU = Debug|Any CPU
		Release|Any CPU = Release|Any CPU
	EndGlobalSection
	GlobalSection(ProjectConfigurationPlatforms) = postSolution
		{20CC5F8F-77C7-4E24-8F94-B0B701334DC5}.Debug|Any CPU.ActiveCfg = Debug|Any CPU
		{20CC5F8F-77C7-4E24-8F94-B0B701334DC5}.Debug|Any CPU.Build.0 = Debug|Any CPU
		{20CC5F8F-77C7-4E24-8F94-B0B701334DC5}.Release|Any CPU.ActiveCfg = Release|Any CPU
		{20CC5F8F-77C7-4E24-8F94-B0B701334DC5}.Release|Any CPU.Build.0 = Release|Any CPU
		{A2406A09-31F4-44AC-9459-F8AF87035155}.Debug|Any CPU.ActiveCfg = Debug|Any CPU
		{A2406A09-31F4-44AC-9459-F8AF87035155}.Debug|Any CPU.Build.0 = Debug|Any CPU
		{A2406A09-31F4-44AC-9459-F8AF87035155}.Release|Any CPU.ActiveCfg = Release|Any CPU
		{A2406A09-31F4-44AC-9459-F8AF87035155}.Release|Any CPU.Build.0 = Release|Any CPU
	EndGlobalSection
	GlobalSection(SolutionProperties) = preSolution
		HideSolutionNode = FALSE
	EndGlobalSection
	GlobalSection(ExtensibilityGlobals) = postSolution
		SolutionGuid = {6FE64370-CC6A-49BE-B433-4FD447A342EF}
	EndGlobalSection
EndGlobal
