
Microsoft Visual Studio Solution File, Format Version 12.00
# Visual Studio 15
VisualStudioVersion = 15.0.27428.2043
MinimumVisualStudioVersion = 10.0.40219.1
Project("{FAE04EC0-301F-11D3-BF4B-00C04F79EFBC}") = "PrimsModulityWithWPF", "PrimsModulityWithWPF\PrimsModulityWithWPF.csproj", "{95B02B51-1B06-46B5-8E63-588EB2BEDC72}"
EndProject
Project("{FAE04EC0-301F-11D3-BF4B-00C04F79EFBC}") = "Repository", "Repository\Repository.csproj", "{96756684-1BA5-41E5-9850-771906C803AF}"
EndProject
Project("{FAE04EC0-301F-11D3-BF4B-00C04F79EFBC}") = "LoginModule", "LoginModule\LoginModule.csproj", "{5018C056-4851-4E6C-BA09-171E67FA9354}"
EndProject
Project("{FAE04EC0-301F-11D3-BF4B-00C04F79EFBC}") = "Core", "Core\Core.csproj", "{E7D694F5-8DAD-4469-8630-7B1E7AE2791D}"
EndProject
Project("{FAE04EC0-301F-11D3-BF4B-00C04F79EFBC}") = "ServerModule", "ServerModule\ServerModule.csproj", "{409B8C07-52BE-42FF-9058-89D016C3B3CE}"
EndProject
Global
	GlobalSection(SolutionConfigurationPlatforms) = preSolution
		Debug|Any CPU = Debug|Any CPU
		Release|Any CPU = Release|Any CPU
	EndGlobalSection
	GlobalSection(ProjectConfigurationPlatforms) = postSolution
		{95B02B51-1B06-46B5-8E63-588EB2BEDC72}.Debug|Any CPU.ActiveCfg = Debug|Any CPU
		{95B02B51-1B06-46B5-8E63-588EB2BEDC72}.Debug|Any CPU.Build.0 = Debug|Any CPU
		{95B02B51-1B06-46B5-8E63-588EB2BEDC72}.Release|Any CPU.ActiveCfg = Release|Any CPU
		{95B02B51-1B06-46B5-8E63-588EB2BEDC72}.Release|Any CPU.Build.0 = Release|Any CPU
		{96756684-1BA5-41E5-9850-771906C803AF}.Debug|Any CPU.ActiveCfg = Debug|Any CPU
		{96756684-1BA5-41E5-9850-771906C803AF}.Debug|Any CPU.Build.0 = Debug|Any CPU
		{96756684-1BA5-41E5-9850-771906C803AF}.Release|Any CPU.ActiveCfg = Release|Any CPU
		{96756684-1BA5-41E5-9850-771906C803AF}.Release|Any CPU.Build.0 = Release|Any CPU
		{5018C056-4851-4E6C-BA09-171E67FA9354}.Debug|Any CPU.ActiveCfg = Debug|Any CPU
		{5018C056-4851-4E6C-BA09-171E67FA9354}.Debug|Any CPU.Build.0 = Debug|Any CPU
		{5018C056-4851-4E6C-BA09-171E67FA9354}.Release|Any CPU.ActiveCfg = Release|Any CPU
		{5018C056-4851-4E6C-BA09-171E67FA9354}.Release|Any CPU.Build.0 = Release|Any CPU
		{E7D694F5-8DAD-4469-8630-7B1E7AE2791D}.Debug|Any CPU.ActiveCfg = Debug|Any CPU
		{E7D694F5-8DAD-4469-8630-7B1E7AE2791D}.Debug|Any CPU.Build.0 = Debug|Any CPU
		{E7D694F5-8DAD-4469-8630-7B1E7AE2791D}.Release|Any CPU.ActiveCfg = Release|Any CPU
		{E7D694F5-8DAD-4469-8630-7B1E7AE2791D}.Release|Any CPU.Build.0 = Release|Any CPU
		{409B8C07-52BE-42FF-9058-89D016C3B3CE}.Debug|Any CPU.ActiveCfg = Debug|Any CPU
		{409B8C07-52BE-42FF-9058-89D016C3B3CE}.Debug|Any CPU.Build.0 = Debug|Any CPU
		{409B8C07-52BE-42FF-9058-89D016C3B3CE}.Release|Any CPU.ActiveCfg = Release|Any CPU
		{409B8C07-52BE-42FF-9058-89D016C3B3CE}.Release|Any CPU.Build.0 = Release|Any CPU
	EndGlobalSection
	GlobalSection(SolutionProperties) = preSolution
		HideSolutionNode = FALSE
	EndGlobalSection
	GlobalSection(ExtensibilityGlobals) = postSolution
		SolutionGuid = {AB83D8D2-53D3-4FDF-A365-0A03D478787D}
	EndGlobalSection
EndGlobal
