
Microsoft Visual Studio Solution File, Format Version 12.00
# Visual Studio Version 16
VisualStudioVersion = 16.0.30114.105
MinimumVisualStudioVersion = 10.0.40219.1
Project("{FAE04EC0-301F-11D3-BF4B-00C04F79EFBC}") = "TesonetTestTask", "TesonetTestTask\TesonetTestTask.csproj", "{F202F15B-E252-4ED2-95F6-21212FA4866D}"
EndProject
Global
	GlobalSection(SolutionConfigurationPlatforms) = preSolution
		Debug|Any CPU = Debug|Any CPU
		Release|Any CPU = Release|Any CPU
	EndGlobalSection
	GlobalSection(ProjectConfigurationPlatforms) = postSolution
		{F202F15B-E252-4ED2-95F6-21212FA4866D}.Debug|Any CPU.ActiveCfg = Debug|Any CPU
		{F202F15B-E252-4ED2-95F6-21212FA4866D}.Debug|Any CPU.Build.0 = Debug|Any CPU
		{F202F15B-E252-4ED2-95F6-21212FA4866D}.Release|Any CPU.ActiveCfg = Release|Any CPU
		{F202F15B-E252-4ED2-95F6-21212FA4866D}.Release|Any CPU.Build.0 = Release|Any CPU
	EndGlobalSection
	GlobalSection(SolutionProperties) = preSolution
		HideSolutionNode = FALSE
	EndGlobalSection
	GlobalSection(ExtensibilityGlobals) = postSolution
		SolutionGuid = {FCD3ACF0-8AF5-4D9A-9DDF-FFABD0A99DBC}
	EndGlobalSection
EndGlobal
