
Microsoft Visual Studio Solution File, Format Version 12.00
# Visual Studio 15
VisualStudioVersion = 15.0.27428.2011
MinimumVisualStudioVersion = 10.0.40219.1
Project("{FAE04EC0-301F-11D3-BF4B-00C04F79EFBC}") = "WinPartyArs", "WinPartyArs\WinPartyArs.csproj", "{A5627C15-347E-4B31-97CE-A199C668FC48}"
EndProject
Project("{FAE04EC0-301F-11D3-BF4B-00C04F79EFBC}") = "WinPartyArsTests", "WinPartyArsTests\WinPartyArsTests.csproj", "{10DA7D43-B496-4C9D-A8AA-849A95A6258D}"
EndProject
Global
	GlobalSection(SolutionConfigurationPlatforms) = preSolution
		Debug|Any CPU = Debug|Any CPU
		Release|Any CPU = Release|Any CPU
	EndGlobalSection
	GlobalSection(ProjectConfigurationPlatforms) = postSolution
		{A5627C15-347E-4B31-97CE-A199C668FC48}.Debug|Any CPU.ActiveCfg = Debug|Any CPU
		{A5627C15-347E-4B31-97CE-A199C668FC48}.Debug|Any CPU.Build.0 = Debug|Any CPU
		{A5627C15-347E-4B31-97CE-A199C668FC48}.Release|Any CPU.ActiveCfg = Release|Any CPU
		{A5627C15-347E-4B31-97CE-A199C668FC48}.Release|Any CPU.Build.0 = Release|Any CPU
		{10DA7D43-B496-4C9D-A8AA-849A95A6258D}.Debug|Any CPU.ActiveCfg = Debug|Any CPU
		{10DA7D43-B496-4C9D-A8AA-849A95A6258D}.Debug|Any CPU.Build.0 = Debug|Any CPU
		{10DA7D43-B496-4C9D-A8AA-849A95A6258D}.Release|Any CPU.ActiveCfg = Release|Any CPU
		{10DA7D43-B496-4C9D-A8AA-849A95A6258D}.Release|Any CPU.Build.0 = Release|Any CPU
	EndGlobalSection
	GlobalSection(SolutionProperties) = preSolution
		HideSolutionNode = FALSE
	EndGlobalSection
	GlobalSection(ExtensibilityGlobals) = postSolution
		SolutionGuid = {C8FE52CA-4D01-48CE-8EF3-4DF9D980DFE6}
	EndGlobalSection
EndGlobal
