
Microsoft Visual Studio Solution File, Format Version 12.00
# Visual Studio 15
VisualStudioVersion = 15.0.26430.16
MinimumVisualStudioVersion = 10.0.40219.1
Project("{FAE04EC0-301F-11D3-BF4B-00C04F79EFBC}") = "ServerList.ImplementationTest", "ConnectionTests\ServerList.ImplementationTest.csproj", "{04C1E308-696E-4404-8DEF-8C3648B9B7EF}"
EndProject
Project("{FAE04EC0-301F-11D3-BF4B-00C04F79EFBC}") = "ServerLister.Service.Interfaces", "ServerLister.Interfaces\ServerLister.Service.Interfaces.csproj", "{2670E8BD-FABC-4076-A2CE-34B8CD49FE81}"
EndProject
Project("{FAE04EC0-301F-11D3-BF4B-00C04F79EFBC}") = "ServerLister.Service.Implementations", "ServerLister.Implementations\ServerLister.Service.Implementations.csproj", "{48757D67-997C-476D-B68B-13ABF7FEE997}"
EndProject
Project("{FAE04EC0-301F-11D3-BF4B-00C04F79EFBC}") = "ServerListerApp", "ServerLister\ServerListerApp.csproj", "{70C7F80F-2446-40A9-AE64-1A594ECB0217}"
EndProject
Project("{FAE04EC0-301F-11D3-BF4B-00C04F79EFBC}") = "ServiceLister.Common.Implementation", "ServiceLister.Common\ServiceLister.Common.Implementation.csproj", "{8C19FEC0-902F-47F3-8EAF-9F9E112831FF}"
EndProject
Project("{FAE04EC0-301F-11D3-BF4B-00C04F79EFBC}") = "ServiceLister.Common.Interfaces", "ServiceLister.ICommon\ServiceLister.Common.Interfaces.csproj", "{1B2D6399-15C1-4D3F-B5A0-1857428AAF36}"
EndProject
Global
	GlobalSection(SolutionConfigurationPlatforms) = preSolution
		Debug|Any CPU = Debug|Any CPU
		Release|Any CPU = Release|Any CPU
	EndGlobalSection
	GlobalSection(ProjectConfigurationPlatforms) = postSolution
		{04C1E308-696E-4404-8DEF-8C3648B9B7EF}.Debug|Any CPU.ActiveCfg = Debug|Any CPU
		{04C1E308-696E-4404-8DEF-8C3648B9B7EF}.Debug|Any CPU.Build.0 = Debug|Any CPU
		{04C1E308-696E-4404-8DEF-8C3648B9B7EF}.Release|Any CPU.ActiveCfg = Release|Any CPU
		{04C1E308-696E-4404-8DEF-8C3648B9B7EF}.Release|Any CPU.Build.0 = Release|Any CPU
		{2670E8BD-FABC-4076-A2CE-34B8CD49FE81}.Debug|Any CPU.ActiveCfg = Debug|Any CPU
		{2670E8BD-FABC-4076-A2CE-34B8CD49FE81}.Debug|Any CPU.Build.0 = Debug|Any CPU
		{2670E8BD-FABC-4076-A2CE-34B8CD49FE81}.Release|Any CPU.ActiveCfg = Release|Any CPU
		{2670E8BD-FABC-4076-A2CE-34B8CD49FE81}.Release|Any CPU.Build.0 = Release|Any CPU
		{48757D67-997C-476D-B68B-13ABF7FEE997}.Debug|Any CPU.ActiveCfg = Debug|Any CPU
		{48757D67-997C-476D-B68B-13ABF7FEE997}.Debug|Any CPU.Build.0 = Debug|Any CPU
		{48757D67-997C-476D-B68B-13ABF7FEE997}.Release|Any CPU.ActiveCfg = Release|Any CPU
		{48757D67-997C-476D-B68B-13ABF7FEE997}.Release|Any CPU.Build.0 = Release|Any CPU
		{70C7F80F-2446-40A9-AE64-1A594ECB0217}.Debug|Any CPU.ActiveCfg = Debug|Any CPU
		{70C7F80F-2446-40A9-AE64-1A594ECB0217}.Debug|Any CPU.Build.0 = Debug|Any CPU
		{70C7F80F-2446-40A9-AE64-1A594ECB0217}.Release|Any CPU.ActiveCfg = Release|Any CPU
		{70C7F80F-2446-40A9-AE64-1A594ECB0217}.Release|Any CPU.Build.0 = Release|Any CPU
		{8C19FEC0-902F-47F3-8EAF-9F9E112831FF}.Debug|Any CPU.ActiveCfg = Debug|Any CPU
		{8C19FEC0-902F-47F3-8EAF-9F9E112831FF}.Debug|Any CPU.Build.0 = Debug|Any CPU
		{8C19FEC0-902F-47F3-8EAF-9F9E112831FF}.Release|Any CPU.ActiveCfg = Release|Any CPU
		{8C19FEC0-902F-47F3-8EAF-9F9E112831FF}.Release|Any CPU.Build.0 = Release|Any CPU
		{1B2D6399-15C1-4D3F-B5A0-1857428AAF36}.Debug|Any CPU.ActiveCfg = Debug|Any CPU
		{1B2D6399-15C1-4D3F-B5A0-1857428AAF36}.Debug|Any CPU.Build.0 = Debug|Any CPU
		{1B2D6399-15C1-4D3F-B5A0-1857428AAF36}.Release|Any CPU.ActiveCfg = Release|Any CPU
		{1B2D6399-15C1-4D3F-B5A0-1857428AAF36}.Release|Any CPU.Build.0 = Release|Any CPU
	EndGlobalSection
	GlobalSection(SolutionProperties) = preSolution
		HideSolutionNode = FALSE
	EndGlobalSection
EndGlobal
