
Microsoft Visual Studio Solution File, Format Version 12.00
# Visual Studio Version 16
VisualStudioVersion = 16.0.30128.74
MinimumVisualStudioVersion = 10.0.40219.1
Project("{FAE04EC0-301F-11D3-BF4B-00C04F79EFBC}") = "ServerLocator.Client", "ServerLocator.Client\ServerLocator.Client\ServerLocator.Client.csproj", "{A08E0034-8F4C-4ABD-81FB-E6594878DFC3}"
EndProject
Project("{9A19103F-16F7-4668-BE54-9A1E7A4F7556}") = "ServerLocator.Client.Shared", "ServerLocator.Client\ServerLocator.Client.Shared\ServerLocator.Client.Shared.csproj", "{5B6C5D81-C5F5-4A62-8E2C-31301F93C578}"
EndProject
Project("{9A19103F-16F7-4668-BE54-9A1E7A4F7556}") = "ServerLocator.Client.ServerClient", "ServerLocator.Client\ServerLocator.Client.ServerClient\ServerLocator.Client.ServerClient.csproj", "{F38E251C-E1FB-4DFA-96EA-194AD78DFC13}"
EndProject
Global
	GlobalSection(SolutionConfigurationPlatforms) = preSolution
		Debug|Any CPU = Debug|Any CPU
		Release|Any CPU = Release|Any CPU
	EndGlobalSection
	GlobalSection(ProjectConfigurationPlatforms) = postSolution
		{A08E0034-8F4C-4ABD-81FB-E6594878DFC3}.Debug|Any CPU.ActiveCfg = Debug|Any CPU
		{A08E0034-8F4C-4ABD-81FB-E6594878DFC3}.Debug|Any CPU.Build.0 = Debug|Any CPU
		{A08E0034-8F4C-4ABD-81FB-E6594878DFC3}.Release|Any CPU.ActiveCfg = Release|Any CPU
		{A08E0034-8F4C-4ABD-81FB-E6594878DFC3}.Release|Any CPU.Build.0 = Release|Any CPU
		{5B6C5D81-C5F5-4A62-8E2C-31301F93C578}.Debug|Any CPU.ActiveCfg = Debug|Any CPU
		{5B6C5D81-C5F5-4A62-8E2C-31301F93C578}.Debug|Any CPU.Build.0 = Debug|Any CPU
		{5B6C5D81-C5F5-4A62-8E2C-31301F93C578}.Release|Any CPU.ActiveCfg = Release|Any CPU
		{5B6C5D81-C5F5-4A62-8E2C-31301F93C578}.Release|Any CPU.Build.0 = Release|Any CPU
		{F38E251C-E1FB-4DFA-96EA-194AD78DFC13}.Debug|Any CPU.ActiveCfg = Debug|Any CPU
		{F38E251C-E1FB-4DFA-96EA-194AD78DFC13}.Debug|Any CPU.Build.0 = Debug|Any CPU
		{F38E251C-E1FB-4DFA-96EA-194AD78DFC13}.Release|Any CPU.ActiveCfg = Release|Any CPU
		{F38E251C-E1FB-4DFA-96EA-194AD78DFC13}.Release|Any CPU.Build.0 = Release|Any CPU
	EndGlobalSection
	GlobalSection(SolutionProperties) = preSolution
		HideSolutionNode = FALSE
	EndGlobalSection
	GlobalSection(ExtensibilityGlobals) = postSolution
		SolutionGuid = {DD15620F-66C5-4AAC-AB3D-9FA9961222B4}
	EndGlobalSection
EndGlobal
