
Microsoft Visual Studio Solution File, Format Version 12.00
# Visual Studio 15
VisualStudioVersion = 15.0.27703.2035
MinimumVisualStudioVersion = 10.0.40219.1
Project("{FAE04EC0-301F-11D3-BF4B-00C04F79EFBC}") = "tesonet.windowsparty.wpfapp", "wpfapp\tesonet.windowsparty.wpfapp.csproj", "{55D7D5B4-13F0-463B-91ED-E2CDFF5F4308}"
EndProject
Project("{FAE04EC0-301F-11D3-BF4B-00C04F79EFBC}") = "tesonet.windowsparty.services", "services\tesonet.windowsparty.services.csproj", "{551E5A57-B5F1-4789-A425-889E4173E9C3}"
EndProject
Project("{FAE04EC0-301F-11D3-BF4B-00C04F79EFBC}") = "tesonet.windowsparty.data", "data\tesonet.windowsparty.data.csproj", "{94EC90B4-7BBF-41E2-B49B-DACBEE21FE90}"
EndProject
Project("{FAE04EC0-301F-11D3-BF4B-00C04F79EFBC}") = "tesonet.windowsparty.contracts", "contracts\tesonet.windowsparty.contracts.csproj", "{DDB72D46-340D-41A2-A44F-BD6CBAE5F6BF}"
EndProject
Project("{FAE04EC0-301F-11D3-BF4B-00C04F79EFBC}") = "tesonet.windowsparty.data.unittests", "data.unittests\tesonet.windowsparty.data.unittests.csproj", "{C1B21AD7-8195-4974-9326-62553CF2D874}"
EndProject
Project("{FAE04EC0-301F-11D3-BF4B-00C04F79EFBC}") = "tesonet.windowsparty.services.unittests", "services.unittests\tesonet.windowsparty.services.unittests.csproj", "{66F89BF5-0BBC-408B-A4D1-5D82B3AC34C1}"
EndProject
Project("{FAE04EC0-301F-11D3-BF4B-00C04F79EFBC}") = "tesonet.windowsparty.http", "http\tesonet.windowsparty.http.csproj", "{8C9230C2-3665-49F4-B296-CFADF03CB62C}"
EndProject
Project("{FAE04EC0-301F-11D3-BF4B-00C04F79EFBC}") = "tesonet.windowsparty.http.unittests", "http.unittests\tesonet.windowsparty.http.unittests.csproj", "{6196DDA9-3A44-4325-A277-44CEC6ADA14A}"
EndProject
Project("{FAE04EC0-301F-11D3-BF4B-00C04F79EFBC}") = "tesonet.windowsparty.caching", "caching\tesonet.windowsparty.caching.csproj", "{865197DD-8833-421E-9BD7-6214061E6180}"
EndProject
Project("{FAE04EC0-301F-11D3-BF4B-00C04F79EFBC}") = "tesonet.windowsparty.caching.unittests", "caching.unittests\tesonet.windowsparty.caching.unittests.csproj", "{809BB948-B9D2-4641-9CB8-672AD56866A0}"
EndProject
Project("{FAE04EC0-301F-11D3-BF4B-00C04F79EFBC}") = "tesonet.windowsparty.logging", "logging\tesonet.windowsparty.logging.csproj", "{2088E16C-D1D8-4F86-A66D-FA0A452FBD6A}"
EndProject
Project("{FAE04EC0-301F-11D3-BF4B-00C04F79EFBC}") = "tesonet.windowsparty.logging.unittests", "logging.unittests\tesonet.windowsparty.logging.unittests.csproj", "{760129B0-F2C0-4958-B873-7FD39E9BBF20}"
EndProject
Global
	GlobalSection(SolutionConfigurationPlatforms) = preSolution
		Debug|Any CPU = Debug|Any CPU
		Release|Any CPU = Release|Any CPU
	EndGlobalSection
	GlobalSection(ProjectConfigurationPlatforms) = postSolution
		{55D7D5B4-13F0-463B-91ED-E2CDFF5F4308}.Debug|Any CPU.ActiveCfg = Debug|Any CPU
		{55D7D5B4-13F0-463B-91ED-E2CDFF5F4308}.Debug|Any CPU.Build.0 = Debug|Any CPU
		{55D7D5B4-13F0-463B-91ED-E2CDFF5F4308}.Release|Any CPU.ActiveCfg = Release|Any CPU
		{55D7D5B4-13F0-463B-91ED-E2CDFF5F4308}.Release|Any CPU.Build.0 = Release|Any CPU
		{551E5A57-B5F1-4789-A425-889E4173E9C3}.Debug|Any CPU.ActiveCfg = Debug|Any CPU
		{551E5A57-B5F1-4789-A425-889E4173E9C3}.Debug|Any CPU.Build.0 = Debug|Any CPU
		{551E5A57-B5F1-4789-A425-889E4173E9C3}.Release|Any CPU.ActiveCfg = Release|Any CPU
		{551E5A57-B5F1-4789-A425-889E4173E9C3}.Release|Any CPU.Build.0 = Release|Any CPU
		{94EC90B4-7BBF-41E2-B49B-DACBEE21FE90}.Debug|Any CPU.ActiveCfg = Debug|Any CPU
		{94EC90B4-7BBF-41E2-B49B-DACBEE21FE90}.Debug|Any CPU.Build.0 = Debug|Any CPU
		{94EC90B4-7BBF-41E2-B49B-DACBEE21FE90}.Release|Any CPU.ActiveCfg = Release|Any CPU
		{94EC90B4-7BBF-41E2-B49B-DACBEE21FE90}.Release|Any CPU.Build.0 = Release|Any CPU
		{DDB72D46-340D-41A2-A44F-BD6CBAE5F6BF}.Debug|Any CPU.ActiveCfg = Debug|Any CPU
		{DDB72D46-340D-41A2-A44F-BD6CBAE5F6BF}.Debug|Any CPU.Build.0 = Debug|Any CPU
		{DDB72D46-340D-41A2-A44F-BD6CBAE5F6BF}.Release|Any CPU.ActiveCfg = Release|Any CPU
		{DDB72D46-340D-41A2-A44F-BD6CBAE5F6BF}.Release|Any CPU.Build.0 = Release|Any CPU
		{C1B21AD7-8195-4974-9326-62553CF2D874}.Debug|Any CPU.ActiveCfg = Debug|Any CPU
		{C1B21AD7-8195-4974-9326-62553CF2D874}.Debug|Any CPU.Build.0 = Debug|Any CPU
		{C1B21AD7-8195-4974-9326-62553CF2D874}.Release|Any CPU.ActiveCfg = Release|Any CPU
		{C1B21AD7-8195-4974-9326-62553CF2D874}.Release|Any CPU.Build.0 = Release|Any CPU
		{66F89BF5-0BBC-408B-A4D1-5D82B3AC34C1}.Debug|Any CPU.ActiveCfg = Debug|Any CPU
		{66F89BF5-0BBC-408B-A4D1-5D82B3AC34C1}.Debug|Any CPU.Build.0 = Debug|Any CPU
		{66F89BF5-0BBC-408B-A4D1-5D82B3AC34C1}.Release|Any CPU.ActiveCfg = Release|Any CPU
		{66F89BF5-0BBC-408B-A4D1-5D82B3AC34C1}.Release|Any CPU.Build.0 = Release|Any CPU
		{8C9230C2-3665-49F4-B296-CFADF03CB62C}.Debug|Any CPU.ActiveCfg = Debug|Any CPU
		{8C9230C2-3665-49F4-B296-CFADF03CB62C}.Debug|Any CPU.Build.0 = Debug|Any CPU
		{8C9230C2-3665-49F4-B296-CFADF03CB62C}.Release|Any CPU.ActiveCfg = Release|Any CPU
		{8C9230C2-3665-49F4-B296-CFADF03CB62C}.Release|Any CPU.Build.0 = Release|Any CPU
		{6196DDA9-3A44-4325-A277-44CEC6ADA14A}.Debug|Any CPU.ActiveCfg = Debug|Any CPU
		{6196DDA9-3A44-4325-A277-44CEC6ADA14A}.Debug|Any CPU.Build.0 = Debug|Any CPU
		{6196DDA9-3A44-4325-A277-44CEC6ADA14A}.Release|Any CPU.ActiveCfg = Release|Any CPU
		{6196DDA9-3A44-4325-A277-44CEC6ADA14A}.Release|Any CPU.Build.0 = Release|Any CPU
		{865197DD-8833-421E-9BD7-6214061E6180}.Debug|Any CPU.ActiveCfg = Debug|Any CPU
		{865197DD-8833-421E-9BD7-6214061E6180}.Debug|Any CPU.Build.0 = Debug|Any CPU
		{865197DD-8833-421E-9BD7-6214061E6180}.Release|Any CPU.ActiveCfg = Release|Any CPU
		{865197DD-8833-421E-9BD7-6214061E6180}.Release|Any CPU.Build.0 = Release|Any CPU
		{809BB948-B9D2-4641-9CB8-672AD56866A0}.Debug|Any CPU.ActiveCfg = Debug|Any CPU
		{809BB948-B9D2-4641-9CB8-672AD56866A0}.Debug|Any CPU.Build.0 = Debug|Any CPU
		{809BB948-B9D2-4641-9CB8-672AD56866A0}.Release|Any CPU.ActiveCfg = Release|Any CPU
		{809BB948-B9D2-4641-9CB8-672AD56866A0}.Release|Any CPU.Build.0 = Release|Any CPU
		{2088E16C-D1D8-4F86-A66D-FA0A452FBD6A}.Debug|Any CPU.ActiveCfg = Debug|Any CPU
		{2088E16C-D1D8-4F86-A66D-FA0A452FBD6A}.Debug|Any CPU.Build.0 = Debug|Any CPU
		{2088E16C-D1D8-4F86-A66D-FA0A452FBD6A}.Release|Any CPU.ActiveCfg = Release|Any CPU
		{2088E16C-D1D8-4F86-A66D-FA0A452FBD6A}.Release|Any CPU.Build.0 = Release|Any CPU
		{760129B0-F2C0-4958-B873-7FD39E9BBF20}.Debug|Any CPU.ActiveCfg = Debug|Any CPU
		{760129B0-F2C0-4958-B873-7FD39E9BBF20}.Debug|Any CPU.Build.0 = Debug|Any CPU
		{760129B0-F2C0-4958-B873-7FD39E9BBF20}.Release|Any CPU.ActiveCfg = Release|Any CPU
		{760129B0-F2C0-4958-B873-7FD39E9BBF20}.Release|Any CPU.Build.0 = Release|Any CPU
	EndGlobalSection
	GlobalSection(SolutionProperties) = preSolution
		HideSolutionNode = FALSE
	EndGlobalSection
	GlobalSection(ExtensibilityGlobals) = postSolution
		SolutionGuid = {6A1A117E-92C4-4629-BF1C-8C1A5977EA9B}
	EndGlobalSection
EndGlobal
